
Microsoft Visual Studio Solution File, Format Version 12.00
# Visual Studio Version 17
VisualStudioVersion = 17.1.32210.238
MinimumVisualStudioVersion = 10.0.40219.1
Project("{FAE04EC0-301F-11D3-BF4B-00C04F79EFBC}") = "EmployeeManagement", "EmployeeManagement\EmployeeManagement.csproj", "{86499D4C-CBC4-4AE3-B03C-D085B8C45547}"
EndProject
Project("{FAE04EC0-301F-11D3-BF4B-00C04F79EFBC}") = "EmployeeManagement.Shared", "EmployeeManagement.Shared\EmployeeManagement.Shared.csproj", "{BC3F689F-C159-4E5D-A78C-8A341F107A70}"
EndProject
Global
	GlobalSection(SolutionConfigurationPlatforms) = preSolution
		Debug|Any CPU = Debug|Any CPU
		Release|Any CPU = Release|Any CPU
	EndGlobalSection
	GlobalSection(ProjectConfigurationPlatforms) = postSolution
		{86499D4C-CBC4-4AE3-B03C-D085B8C45547}.Debug|Any CPU.ActiveCfg = Debug|Any CPU
		{86499D4C-CBC4-4AE3-B03C-D085B8C45547}.Debug|Any CPU.Build.0 = Debug|Any CPU
		{86499D4C-CBC4-4AE3-B03C-D085B8C45547}.Release|Any CPU.ActiveCfg = Release|Any CPU
		{86499D4C-CBC4-4AE3-B03C-D085B8C45547}.Release|Any CPU.Build.0 = Release|Any CPU
		{BC3F689F-C159-4E5D-A78C-8A341F107A70}.Debug|Any CPU.ActiveCfg = Debug|Any CPU
		{BC3F689F-C159-4E5D-A78C-8A341F107A70}.Debug|Any CPU.Build.0 = Debug|Any CPU
		{BC3F689F-C159-4E5D-A78C-8A341F107A70}.Release|Any CPU.ActiveCfg = Release|Any CPU
		{BC3F689F-C159-4E5D-A78C-8A341F107A70}.Release|Any CPU.Build.0 = Release|Any CPU
	EndGlobalSection
	GlobalSection(SolutionProperties) = preSolution
		HideSolutionNode = FALSE
	EndGlobalSection
	GlobalSection(ExtensibilityGlobals) = postSolution
		SolutionGuid = {7E129035-D66C-419A-B850-AFE81B2EE4F3}
	EndGlobalSection
EndGlobal
